github.com/armon/go-metrics v0.0.0-20180221182744-783273d70314 h1:jpSQNQxHcJYxs/ZpBX2p05wPGmF9BKQQKdyg2cCzWeA=
github.com/armon/go-metrics v0.0.0-20180221182744-783273d70314/go.mod h1:Q73ZrmVTwzkszR9V5SSuryQ31EELlFMUz1kKyl939pY=
github.com/caarlos0/env v3.3.0+incompatible h1:jCfY0ilpzC2FFViyZyDKCxKybDESTwaR+ebh8zm6AOE=
github.com/caarlos0/env v3.3.0+incompatible/go.mod h1:tdCsowwCzMLdkqRYDlHpZCp2UooDD3MspDBjZ2AD02Y=
github.com/fsnotify/fsnotify v1.4.7/go.mod h1:jwhsz4b93w/PPRr/qN1Yymfu8t87LnFCMoQvtojpjFo=
github.com/go-chi/chi v3.3.2+incompatible h1:uQNcQN3NsV1j4ANsPh42P4ew4t6rnRbJb8frvpp31qQ=
github.com/go-chi/chi v3.3.2+incompatible/go.mod h1:eB3wogJHnLi3x/kFX2A+IbTBlXxmMeXJVKy9tTv1XzQ=
github.com/go-playground/locales v0.12.1 h1:2FITxuFt/xuCNP1Acdhv62OzaCiviiE4kotfhkmOqEc=
github.com/go-playground/locales v0.12.1/go.mod h1:IUMDtCfWo/w/mtMfIE/IG2K+Ey3ygWanZIBtBW0W2TM=
github.com/go-playground/universal-translator v0.0.0-20170327191703-71201497bace h1:vfBaUX49VsqTxXGADDIWvTPvaU4AbQyX/yENHE0f7AY=
github.com/go-playground/universal-translator v0.0.0-20170327191703-71201497bace/go.mod h1:1AnU7NaIRDWWzGEKwgtJRd2xk99HeFyHw3yid4rvQIY=
github.com/golang/protobuf v1.2.0/go.mod h1:6lQm79b+lXiMfvg/cZm0SGofjICqVBUtrP5yJMmIC1U=
github.com/gorilla/handlers v1.4.0 h1:XulKRWSQK5uChr4pEgSE4Tc/OcmnU9GJuSwdog/tZsA=
github.com/gorilla/handlers v1.4.0/go.mod h1:Qkdc/uu4tH4g6mTK6auzZ766c4CA0Ng8+o/OAirnOIQ=
github.com/hashicorp/consul v1.1.0 h1:xKwxj1mDPRmQVbiZxJlD7R5PiS7XsttGP7vNx16IcLY=
github.com/hashicorp/consul v1.1.0/go.mod h1:mFrjN1mfidgJfYP1xrJCF+AfRhr6Eaqhb2+sfyn/OOI=
github.com/hashicorp/go-cleanhttp v0.0.0-20171218145408-d5fe4b57a186 h1:URgjUo+bs1KwatoNbwG0uCO4dHN4r1jsp4a5AGgHRjo=
github.com/hashicorp/go-cleanhttp v0.0.0-20171218145408-d5fe4b57a186/go.mod h1:JpRdi6/HCYpAwUzNwuwqhbovhLtngrth3wmdIIUrZ80=
github.com/hashicorp/go-immutable-radix v0.0.0-20180129170900-7f3cd4390caa h1:0nA8i+6Rwqaq9xlpmVxxTwk6rxiEhX+E6Wh4vPNHiS8=
github.com/hashicorp/go-immutable-radix v0.0.0-20180129170900-7f3cd4390caa/go.mod h1:6ij3Z20p+OhOkCSrA0gImAWoHYQRGbnlcuk6XYTiaRw=
github.com/hashicorp/go-rootcerts v0.0.0-20160503143440-6bb64b370b90 h1:VBj0QYQ0u2MCJzBfeYXGexnAl17GsH1yidnoxCqqD9E=
github.com/hashicorp/go-rootcerts v0.0.0-20160503143440-6bb64b370b90/go.mod h1:o4zcYY1e0GEZI6eSEr+43QDYmuGglw1qSO6qdHUHCgg=
github.com/hashicorp/golang-lru v0.0.0-20180201235237-0fb14efe8c47 h1:UnszMmmmm5vLwWzDjTFVIkfhvWF1NdrmChl8L2NUDCw=
github.com/hashicorp/golang-lru v0.0.0-20180201235237-0fb14efe8c47/go.mod h1:/m3WP610KZHVQ1SGc6re/UDhFvYD7pJ4Ao+sR/qLZy8=
github.com/hashicorp/serf v0.0.0-20180528003852-74c8a16195ef h1:oaF2KaQjXD4jxjXUhkefpzKwUYczKMnvrVeveiB5/t8=
github.com/hashicorp/serf v0.0.0-20180528003852-74c8a16195ef/go.mod h1:h/Ru6tmZazX7WO/GDmwdpS975F019L4t5ng5IgwbNrE=
github.com/hpcloud/tail v1.0.0/go.mod h1:ab1qPbhIpdTxEkNHXyeSf5vhxWSCs/tWer42PpOxQnU=
github.com/mitchellh/go-homedir v0.0.0-20180523094522-3864e76763d9 h1:Y94YB7jrsihrbGSqRNMwRWJ2/dCxr0hdC2oPRohkx0A=
github.com/mitchellh/go-homedir v0.0.0-20180523094522-3864e76763d9/go.mod h1:SfyaCUpYCn1Vlf4IUYiD9fPX4A5wJrkLzIz1N1q0pr0=
github.com/onsi/ginkgo v1.6.0/go.mod h1:lLunBs/Ym6LB5Z9jYTR76FiuTmxDTDusOGeTQH+WWjE=
github.com/onsi/gomega v1.4.3 h1:RE1xgDvH7imwFD45h+u2SgIfERHlS2yNG4DObb5BSKU=
github.com/onsi/gomega v1.4.3/go.mod h1:ex+gbHU/CVuBBDIJjb2X0qEXbFg53c61hWP/1CpauHY=
github.com/pkg/errors v0.8.0 h1:WdK/asTD0HN+q6hsWO3/vpuAkAr+tw6aNJNDFFf0+qw=
github.com/pkg/errors v0.8.0/go.mod h1:bwawxfHBFNV+L2hUp1rHADufV3IMtnDRdf1r5NINEl0=
github.com/sirupsen/logrus v1.0.5 h1:8c8b5uO0zS4X6RPl/sd1ENwSkIc0/H2PaHxE3udaE8I=
github.com/sirupsen/logrus v1.0.5/go.mod h1:pMByvHTf9Beacp5x1UXfOR9xyW/9antXMhjMPG0dEzc=
golang.org/x/crypto v0.0.0-20180420171155-e73bf333ef89 h1:YMKUzb2eHV8HdgAr0z9lbGN1Av2h4cgMMsvi+JV60MM=
golang.org/x/crypto v0.0.0-20180420171155-e73bf333ef89/go.mod h1:6SG95UA2DQfeDnfUPMdvaQW0Q7yPrPDi9nlGo2tz2b4=
golang.org/x/net v0.0.0-20180420171651-5f9ae10d9af5 h1:ylIG3jIeS45kB0W95N19kS62fwermjMYLIyybf8xh9M=
golang.org/x/net v0.0.0-20180420171651-5f9ae10d9af5/go.mod h1:mL1N/T3taQHkDXs73rZJwtUhF3w3ftmwwsq0BUmARs4=
golang.org/x/net v0.0.0-20180906233101-161cd47e91fd h1:nTDtHvHSdCn1m6ITfMRqtOd/9+7a3s8RBNOZ3eYZzJA=
golang.org/x/net v0.0.0-20180906233101-161cd47e91fd/go.mod h1:mL1N/T3taQHkDXs73rZJwtUhF3w3ftmwwsq0BUmARs4=
golang.org/x/sync v0.0.0-20180314180146-1d60e4601c6f/go.mod h1:RxMgew5VJxzue5/jJTE5uejpjVlOe/izrB70Jof72aM=
golang.org/x/sys v0.0.0-20180420145319-79b0c6888797 h1:ux9vYny+vlzqIcwoO6gRu+voPvKJA10ZceuJwWf2J88=
golang.org/x/sys v0.0.0-20180420145319-79b0c6888797/go.mod h1:STP8DvDyc/dI5b8T5hshtkjS+E42TnysNCUPdjciGhY=
golang.org/x/sys v0.0.0-20180909124046-d0be0721c37e h1:o3PsSEY8E4eXWkXrIP9YJALUkVZqzHJT5DOasTyn8Vs=
golang.org/x/sys v0.0.0-20180909124046-d0be0721c37e/go.mod h1:STP8DvDyc/dI5b8T5hshtkjS+E42TnysNCUPdjciGhY=
golang.org/x/text v0.3.0 h1:g61tztE5qeGQ89tm6NTjjM9VPIm088od1l6aSorWRWg=
golang.org/x/text v0.3.0/go.mod h1:NqM8EUOU14njkJ3fqMW+pc6Ldnwhi/IjpwHt7yyuwOQ=
gopkg.in/check.v1 v0.0.0-20161208181325-20d25e280405/go.mod h1:Co6ibVJAznAaIkqp8huTwlJQCZ016jof/cbN4VW5Yz0=
gopkg.in/fsnotify.v1 v1.4.7/go.mod h1:Tz8NjZHkW78fSQdbUxIjBTcgA1z1m8ZHf0WmKUhAMys=
gopkg.in/go-playground/validator.v9 v9.17.1 h1:+BgStg92rQ9TTsN/QTKUMyptg16ZZ+h88BlX4wCi+z4=
gopkg.in/go-playground/validator.v9 v9.17.1/go.mod h1:+c9/zcJMFNgbLvly1L1V+PpxWdVbfP1avr/N00E2vyQ=
gopkg.in/tomb.v1 v1.0.0-20141024135613-dd632973f1e7/go.mod h1:dt/ZhP58zS4L8KSrWDmTeBkI65Dw0HsyUHuEVlX15mw=
gopkg.in/yaml.v2 v2.2.1 h1:mUhvW9EsL+naU5Q3cakzfE91YhliOondGd6ZrsDBHQE=
gopkg.in/yaml.v2 v2.2.1/go.mod h1:hI93XBmqTisBFMUTm0b8Fm+jr3Dg1NNxqwp+5A1VGuI=
